<Solution>
  <Project Path="Assignment1/Assignment1.csproj" />
  <Project Path="Assignment2/Assignment2.csproj" Id="274eec26-6f01-4325-9527-f8fefd5b4a60" />
  <Project Path="Assignment3/Assignment3.csproj" Id="b418a220-04f5-4bc8-93c2-66e64e21decd" />
  <Project Path="Assignment4/Assignment4.csproj" Id="02dfe790-baf1-4f85-bf00-767a306ad9f2" />
</Solution>
